// !$*UTF8*$!
{
	archiveVersion = 1;
	classes = {
	};
	objectVersion = 50;
	objects = {

/* Begin PBXBuildFile section */
		41C612CC22D46F1800308426 /* AppDelegate.m in Sources */ = {isa = PBXBuildFile; fileRef = 41C612CB22D46F1800308426 /* AppDelegate.m */; };
		41C612CF22D46F1800308426 /* ViewController.m in Sources */ = {isa = PBXBuildFile; fileRef = 41C612CE22D46F1800308426 /* ViewController.m */; };
		41C612D222D46F1800308426 /* Main.storyboard in Resources */ = {isa = PBXBuildFile; fileRef = 41C612D022D46F1800308426 /* Main.storyboard */; };
		41C612D422D46F1900308426 /* Assets.xcassets in Resources */ = {isa = PBXBuildFile; fileRef = 41C612D322D46F1900308426 /* Assets.xcassets */; };
		41C612D722D46F1900308426 /* LaunchScreen.storyboard in Resources */ = {isa = PBXBuildFile; fileRef = 41C612D522D46F1900308426 /* LaunchScreen.storyboard */; };
		41C612DA22D46F1900308426 /* main.m in Sources */ = {isa = PBXBuildFile; fileRef = 41C612D922D46F1900308426 /* main.m */; };
		41C612E322D46F3300308426 /* SecondThread.m in Sources */ = {isa = PBXBuildFile; fileRef = 41C612E222D46F3300308426 /* SecondThread.m */; };
		41C612E722D48BB700308426 /* RunLoopSource.m in Sources */ = {isa = PBXBuildFile; fileRef = 41C612E622D48BB700308426 /* RunLoopSource.m */; };
/* End PBXBuildFile section */

/* Begin PBXFileReference section */
		41C612C722D46F1800308426 /* RunLoop.app */ = {isa = PBXFileReference; explicitFileType = wrapper.application; includeInIndex = 0; path = RunLoop.app; sourceTree = BUILT_PRODUCTS_DIR; };
		41C612CA22D46F1800308426 /* AppDelegate.h */ = {isa = PBXFileReference; lastKnownFileType = sourcecode.c.h; path = AppDelegate.h; sourceTree = "<group>"; };
		41C612CB22D46F1800308426 /* AppDelegate.m */ = {isa = PBXFileReference; lastKnownFileType = sourcecode.c.objc; path = AppDelegate.m; sourceTree = "<group>"; };
		41C612CD22D46F1800308426 /* ViewController.h */ = {isa = PBXFileReference; lastKnownFileType = sourcecode.c.h; path = ViewController.h; sourceTree = "<group>"; };
		41C612CE22D46F1800308426 /* ViewController.m */ = {isa = PBXFileReference; lastKnownFileType = sourcecode.c.objc; path = ViewController.m; sourceTree = "<group>"; };
		41C612D122D46F1800308426 /* Base */ = {isa = PBXFileReference; lastKnownFileType = file.storyboard; name = Base; path = Base.lproj/Main.storyboard; sourceTree = "<group>"; };
		41C612D322D46F1900308426 /* Assets.xcassets */ = {isa = PBXFileReference; lastKnownFileType = folder.assetcatalog; path = Assets.xcassets; sourceTree = "<group>"; };
		41C612D622D46F1900308426 /* Base */ = {isa = PBXFileReference; lastKnownFileType = file.storyboard; name = Base; path = Base.lproj/LaunchScreen.storyboard; sourceTree = "<group>"; };
		41C612D822D46F1900308426 /* Info.plist */ = {isa = PBXFileReference; lastKnownFileType = text.plist.xml; path = Info.plist; sourceTree = "<group>"; };
		41C612D922D46F1900308426 /* main.m */ = {isa = PBXFileReference; lastKnownFileType = sourcecode.c.objc; path = main.m; sourceTree = "<group>"; };
		41C612E122D46F3300308426 /* SecondThread.h */ = {isa = PBXFileReference; lastKnownFileType = sourcecode.c.h; path = SecondThread.h; sourceTree = "<group>"; };
		41C612E222D46F3300308426 /* SecondThread.m */ = {isa = PBXFileReference; lastKnownFileType = sourcecode.c.objc; path = SecondThread.m; sourceTree = "<group>"; };
		41C612E522D48BB700308426 /* RunLoopSource.h */ = {isa = PBXFileReference; lastKnownFileType = sourcecode.c.h; path = RunLoopSource.h; sourceTree = "<group>"; };
		41C612E622D48BB700308426 /* RunLoopSource.m */ = {isa = PBXFileReference; lastKnownFileType = sourcecode.c.objc; path = RunLoopSource.m; sourceTree = "<group>"; };
/* End PBXFileReference section */

/* Begin PBXFrameworksBuildPhase section */
		41C612C422D46F1800308426 /* Frameworks */ = {
			isa = PBXFrameworksBuildPhase;
			buildActionMask = 2147483647;
			files = (
			);
			runOnlyForDeploymentPostprocessing = 0;
		};
/* End PBXFrameworksBuildPhase section */

/* Begin PBXGroup section */
		41C612BE22D46F1800308426 = {
			isa = PBXGroup;
			children = (
				41C612C922D46F1800308426 /* RunLoop */,
				41C612C822D46F1800308426 /* Products */,
			);
			sourceTree = "<group>";
		};
		41C612C822D46F1800308426 /* Products */ = {
			isa = PBXGroup;
			children = (
				41C612C722D46F1800308426 /* RunLoop.app */,
			);
			name = Products;
			sourceTree = "<group>";
		};
		41C612C922D46F1800308426 /* RunLoop */ = {
			isa = PBXGroup;
			children = (
				41C612E422D48BA600308426 /* Tools */,
				41C612E022D46F2300308426 /* Thread */,
				41C612CA22D46F1800308426 /* AppDelegate.h */,
				41C612CB22D46F1800308426 /* AppDelegate.m */,
				41C612CD22D46F1800308426 /* ViewController.h */,
				41C612CE22D46F1800308426 /* ViewController.m */,
				41C612D022D46F1800308426 /* Main.storyboard */,
				41C612D322D46F1900308426 /* Assets.xcassets */,
				41C612D522D46F1900308426 /* LaunchScreen.storyboard */,
				41C612D822D46F1900308426 /* Info.plist */,
				41C612D922D46F1900308426 /* main.m */,
			);
			path = RunLoop;
			sourceTree = "<group>";
		};
		41C612E022D46F2300308426 /* Thread */ = {
			isa = PBXGroup;
			children = (
				41C612E122D46F3300308426 /* SecondThread.h */,
				41C612E222D46F3300308426 /* SecondThread.m */,
			);
			path = Thread;
			sourceTree = "<group>";
		};
		41C612E422D48BA600308426 /* Tools */ = {
			isa = PBXGroup;
			children = (
				41C612E522D48BB700308426 /* RunLoopSource.h */,
				41C612E622D48BB700308426 /* RunLoopSource.m */,
			);
			path = Tools;
			sourceTree = "<group>";
		};
/* End PBXGroup section */

/* Begin PBXNativeTarget section */
		41C612C622D46F1800308426 /* RunLoop */ = {
			isa = PBXNativeTarget;
			buildConfigurationList = 41C612DD22D46F1900308426 /* Build configuration list for PBXNativeTarget "RunLoop" */;
			buildPhases = (
				41C612C322D46F1800308426 /* Sources */,
				41C612C422D46F1800308426 /* Frameworks */,
				41C612C522D46F1800308426 /* Resources */,
			);
			buildRules = (
			);
			dependencies = (
			);
			name = RunLoop;
			productName = RunLoop;
			productReference = 41C612C722D46F1800308426 /* RunLoop.app */;
			productType = "com.apple.product-type.application";
		};
/* End PBXNativeTarget section */

/* Begin PBXProject section */
		41C612BF22D46F1800308426 /* Project object */ = {
			isa = PBXProject;
			attributes = {
				LastUpgradeCheck = 1020;
				ORGANIZATIONNAME = ArcherLj;
				TargetAttributes = {
					41C612C622D46F1800308426 = {
						CreatedOnToolsVersion = 10.2.1;
					};
				};
			};
			buildConfigurationList = 41C612C222D46F1800308426 /* Build configuration list for PBXProject "RunLoop" */;
			compatibilityVersion = "Xcode 9.3";
			developmentRegion = en;
			hasScannedForEncodings = 0;
			knownRegions = (
				en,
				Base,
			);
			mainGroup = 41C612BE22D46F1800308426;
			productRefGroup = 41C612C822D46F1800308426 /* Products */;
			projectDirPath = "";
			projectRoot = "";
			targets = (
				41C612C622D46F1800308426 /* RunLoop */,
			);
		};
/* End PBXProject section */

/* Begin PBXResourcesBuildPhase section */
		41C612C522D46F1800308426 /* Resources */ = {
			isa = PBXResourcesBuildPhase;
			buildActionMask = 2147483647;
			files = (
				41C612D722D46F1900308426 /* LaunchScreen.storyboard in Resources */,
				41C612D422D46F1900308426 /* Assets.xcassets in Resources */,
				41C612D222D46F1800308426 /* Main.storyboard in Resources */,
			);
			runOnlyForDeploymentPostprocessing = 0;
		};
/* End PBXResourcesBuildPhase section */

/* Begin PBXSourcesBuildPhase section */
		41C612C322D46F1800308426 /* Sources */ = {
			isa = PBXSourcesBuildPhase;
			buildActionMask = 2147483647;
			files = (
				41C612CF22D46F1800308426 /* ViewController.m in Sources */,
				41C612E322D46F3300308426 /* SecondThread.m in Sources */,
				41C612DA22D46F1900308426 /* main.m in Sources */,
				41C612CC22D46F1800308426 /* AppDelegate.m in Sources */,
				41C612E722D48BB700308426 /* RunLoopSource.m in Sources */,
			);
			runOnlyForDeploymentPostprocessing = 0;
		};
/* End PBXSourcesBuildPhase section */

/* Begin PBXVariantGroup section */
		41C612D022D46F1800308426 /* Main.storyboard */ = {
			isa = PBXVariantGroup;
			children = (
				41C612D122D46F1800308426 /* Base */,
			);
			name = Main.storyboard;
			sourceTree = "<group>";
		};
		41C612D522D46F1900308426 /* LaunchScreen.storyboard */ = {
			isa = PBXVariantGroup;
			children = (
				41C612D622D46F1900308426 /* Base */,
			);
			name = LaunchScreen.storyboard;
			sourceTree = "<group>";
		};
/* End PBXVariantGroup section */

/* Begin XCBuildConfiguration section */
		41C612DB22D46F1900308426 /* Debug */ = {
			isa = XCBuildConfiguration;
			buildSettings = {
				ALWAYS_SEARCH_USER_PATHS = NO;
				CLANG_ANALYZER_NONNULL = YES;
				CLANG_ANALYZER_NUMBER_OBJECT_CONVERSION = YES_AGGRESSIVE;
				CLANG_CXX_LANGUAGE_STANDARD = "gnu++14";
				CLANG_CXX_LIBRARY = "libc++";
				CLANG_ENABLE_MODULES = YES;
				CLANG_ENABLE_OBJC_ARC = YES;
				CLANG_ENABLE_OBJC_WEAK = YES;
				CLANG_WARN_BLOCK_CAPTURE_AUTORELEASING = YES;
				CLANG_WARN_BOOL_CONVERSION = YES;
				CLANG_WARN_COMMA = YES;
				CLANG_WARN_CONSTANT_CONVERSION = YES;
				CLANG_WARN_DEPRECATED_OBJC_IMPLEMENTATIONS = YES;
				CLANG_WARN_DIRECT_OBJC_ISA_USAGE = YES_ERROR;
				CLANG_WARN_DOCUMENTATION_COMMENTS = YES;
				CLANG_WARN_EMPTY_BODY = YES;
				CLANG_WARN_ENUM_CONVERSION = YES;
				CLANG_WARN_INFINITE_RECURSION = YES;
				CLANG_WARN_INT_CONVERSION = YES;
				CLANG_WARN_NON_LITERAL_NULL_CONVERSION = YES;
				CLANG_WARN_OBJC_IMPLICIT_RETAIN_SELF = YES;
				CLANG_WARN_OBJC_LITERAL_CONVERSION = YES;
				CLANG_WARN_OBJC_ROOT_CLASS = YES_ERROR;
				CLANG_WARN_RANGE_LOOP_ANALYSIS = YES;
				CLANG_WARN_STRICT_PROTOTYPES = YES;
				CLANG_WARN_SUSPICIOUS_MOVE = YES;
				CLANG_WARN_UNGUARDED_AVAILABILITY = YES_AGGRESSIVE;
				CLANG_WARN_UNREACHABLE_CODE = YES;
				CLANG_WARN__DUPLICATE_METHOD_MATCH = YES;
				CODE_SIGN_IDENTITY = "iPhone Developer";
				COPY_PHASE_STRIP = NO;
				DEBUG_INFORMATION_FORMAT = dwarf;
				ENABLE_STRICT_OBJC_MSGSEND = YES;
				ENABLE_TESTABILITY = YES;
				GCC_C_LANGUAGE_STANDARD = gnu11;
				GCC_DYNAMIC_NO_PIC = NO;
				GCC_NO_COMMON_BLOCKS = YES;
				GCC_OPTIMIZATION_LEVEL = 0;
				GCC_PREPROCESSOR_DEFINITIONS = (
					"DEBUG=1",
					"$(inherited)",
				);
				GCC_WARN_64_TO_32_BIT_CONVERSION = YES;
				GCC_WARN_ABOUT_RETURN_TYPE = YES_ERROR;
				GCC_WARN_UNDECLARED_SELECTOR = YES;
				GCC_WARN_UNINITIALIZED_AUTOS = YES_AGGRESSIVE;
				GCC_WARN_UNUSED_FUNCTION = YES;
				GCC_WARN_UNUSED_VARIABLE = YES;
				IPHONEOS_DEPLOYMENT_TARGET = 12.2;
				MTL_ENABLE_DEBUG_INFO = INCLUDE_SOURCE;
				MTL_FAST_MATH = YES;
				ONLY_ACTIVE_ARCH = YES;
				SDKROOT = iphoneos;
			};
			name = Debug;
		};
		41C612DC22D46F1900308426 /* Release */ = {
			isa = XCBuildConfiguration;
			buildSettings = {
				ALWAYS_SEARCH_USER_PATHS = NO;
				CLANG_ANALYZER_NONNULL = YES;
				CLANG_ANALYZER_NUMBER_OBJECT_CONVERSION = YES_AGGRESSIVE;
				CLANG_CXX_LANGUAGE_STANDARD = "gnu++14";
				CLANG_CXX_LIBRARY = "libc++";
				CLANG_ENABLE_MODULES = YES;
				CLANG_ENABLE_OBJC_ARC = YES;
				CLANG_ENABLE_OBJC_WEAK = YES;
				CLANG_WARN_BLOCK_CAPTURE_AUTORELEASING = YES;
				CLANG_WARN_BOOL_CONVERSION = YES;
				CLANG_WARN_COMMA = YES;
				CLANG_WARN_CONSTANT_CONVERSION = YES;
				CLANG_WARN_DEPRECATED_OBJC_IMPLEMENTATIONS = YES;
				CLANG_WARN_DIRECT_OBJC_ISA_USAGE = YES_ERROR;
				CLANG_WARN_DOCUMENTATION_COMMENTS = YES;
				CLANG_WARN_EMPTY_BODY = YES;
				CLANG_WARN_ENUM_CONVERSION = YES;
				CLANG_WARN_INFINITE_RECURSION = YES;
				CLANG_WARN_INT_CONVERSION = YES;
				CLANG_WARN_NON_LITERAL_NULL_CONVERSION = YES;
				CLANG_WARN_OBJC_IMPLICIT_RETAIN_SELF = YES;
				CLANG_WARN_OBJC_LITERAL_CONVERSION = YES;
				CLANG_WARN_OBJC_ROOT_CLASS = YES_ERROR;
				CLANG_WARN_RANGE_LOOP_ANALYSIS = YES;
				CLANG_WARN_STRICT_PROTOTYPES = YES;
				CLANG_WARN_SUSPICIOUS_MOVE = YES;
				CLANG_WARN_UNGUARDED_AVAILABILITY = YES_AGGRESSIVE;
				CLANG_WARN_UNREACHABLE_CODE = YES;
				CLANG_WARN__DUPLICATE_METHOD_MATCH = YES;
				CODE_SIGN_IDENTITY = "iPhone Developer";
				COPY_PHASE_STRIP = NO;
				DEBUG_INFORMATION_FORMAT = "dwarf-with-dsym";
				ENABLE_NS_ASSERTIONS = NO;
				ENABLE_STRICT_OBJC_MSGSEND = YES;
				GCC_C_LANGUAGE_STANDARD = gnu11;
				GCC_NO_COMMON_BLOCKS = YES;
				GCC_WARN_64_TO_32_BIT_CONVERSION = YES;
				GCC_WARN_ABOUT_RETURN_TYPE = YES_ERROR;
				GCC_WARN_UNDECLARED_SELECTOR = YES;
				GCC_WARN_UNINITIALIZED_AUTOS = YES_AGGRESSIVE;
				GCC_WARN_UNUSED_FUNCTION = YES;
				GCC_WARN_UNUSED_VARIABLE = YES;
				IPHONEOS_DEPLOYMENT_TARGET = 12.2;
				MTL_ENABLE_DEBUG_INFO = NO;
				MTL_FAST_MATH = YES;
				SDKROOT = iphoneos;
				VALIDATE_PRODUCT = YES;
			};
			name = Release;
		};
		41C612DE22D46F1900308426 /* Debug */ = {
			isa = XCBuildConfiguration;
			buildSettings = {
				ASSETCATALOG_COMPILER_APPICON_NAME = AppIcon;
				CODE_SIGN_STYLE = Automatic;
				DEVELOPMENT_TEAM = U272S7D2C9;
				INFOPLIST_FILE = RunLoop/Info.plist;
				LD_RUNPATH_SEARCH_PATHS = (
					"$(inherited)",
					"@executable_path/Frameworks",
				);
				PRODUCT_BUNDLE_IDENTIFIER = com.techsun.zhonghua;
				PRODUCT_NAME = "$(TARGET_NAME)";
				TARGETED_DEVICE_FAMILY = "1,2";
			};
			name = Debug;
		};
		41C612DF22D46F1900308426 /* Release */ = {
			isa = XCBuildConfiguration;
			buildSettings = {
				ASSETCATALOG_COMPILER_APPICON_NAME = AppIcon;
				CODE_SIGN_STYLE = Automatic;
				DEVELOPMENT_TEAM = U272S7D2C9;
				INFOPLIST_FILE = RunLoop/Info.plist;
				LD_RUNPATH_SEARCH_PATHS = (
					"$(inherited)",
					"@executable_path/Frameworks",
				);
				PRODUCT_BUNDLE_IDENTIFIER = com.techsun.zhonghua;
				PRODUCT_NAME = "$(TARGET_NAME)";
				TARGETED_DEVICE_FAMILY = "1,2";
			};
			name = Release;
		};
/* End XCBuildConfiguration section */

/* Begin XCConfigurationList section */
		41C612C222D46F1800308426 /* Build configuration list for PBXProject "RunLoop" */ = {
			isa = XCConfigurationList;
			buildConfigurations = (
				41C612DB22D46F1900308426 /* Debug */,
				41C612DC22D46F1900308426 /* Release */,
			);
			defaultConfigurationIsVisible = 0;
			defaultConfigurationName = Release;
		};
		41C612DD22D46F1900308426 /* Build configuration list for PBXNativeTarget "RunLoop" */ = {
			isa = XCConfigurationList;
			buildConfigurations = (
				41C612DE22D46F1900308426 /* Debug */,
				41C612DF22D46F1900308426 /* Release */,
			);
			defaultConfigurationIsVisible = 0;
			defaultConfigurationName = Release;
		};
/* End XCConfigurationList section */
	};
	rootObject = 41C612BF22D46F1800308426 /* Project object */;
}
